
Microsoft Visual Studio Solution File, Format Version 12.00
# Visual Studio Version 16
VisualStudioVersion = 16.0.30611.23
MinimumVisualStudioVersion = 10.0.40219.1
Project("{FAE04EC0-301F-11D3-BF4B-00C04F79EFBC}") = "XamarinBeenLostBefore.Android", "XamarinBeenLostBefore.Android\XamarinBeenLostBefore.Android.csproj", "{FCF3B927-B2B5-4770-AD85-E78B65E4622D}"
EndProject
Project("{FAE04EC0-301F-11D3-BF4B-00C04F79EFBC}") = "XamarinBeenLostBefore.iOS", "XamarinBeenLostBefore.iOS\XamarinBeenLostBefore.iOS.csproj", "{4918016B-376A-4921-8C5D-D3BA13F1B749}"
EndProject
Project("{FAE04EC0-301F-11D3-BF4B-00C04F79EFBC}") = "XamarinBeenLostBefore", "XamarinBeenLostBefore\XamarinBeenLostBefore.csproj", "{AE5F295F-9B27-4C73-8752-40B7567BA0B5}"
EndProject
Global
	GlobalSection(SolutionConfigurationPlatforms) = preSolution
		Debug|Any CPU = Debug|Any CPU
		Debug|iPhone = Debug|iPhone
		Debug|iPhoneSimulator = Debug|iPhoneSimulator
		Release|Any CPU = Release|Any CPU
		Release|iPhone = Release|iPhone
		Release|iPhoneSimulator = Release|iPhoneSimulator
	EndGlobalSection
	GlobalSection(ProjectConfigurationPlatforms) = postSolution
		{FCF3B927-B2B5-4770-AD85-E78B65E4622D}.Debug|Any CPU.ActiveCfg = Debug|Any CPU
		{FCF3B927-B2B5-4770-AD85-E78B65E4622D}.Debug|Any CPU.Build.0 = Debug|Any CPU
		{FCF3B927-B2B5-4770-AD85-E78B65E4622D}.Debug|Any CPU.Deploy.0 = Debug|Any CPU
		{FCF3B927-B2B5-4770-AD85-E78B65E4622D}.Debug|iPhone.ActiveCfg = Debug|Any CPU
		{FCF3B927-B2B5-4770-AD85-E78B65E4622D}.Debug|iPhone.Build.0 = Debug|Any CPU
		{FCF3B927-B2B5-4770-AD85-E78B65E4622D}.Debug|iPhone.Deploy.0 = Debug|Any CPU
		{FCF3B927-B2B5-4770-AD85-E78B65E4622D}.Debug|iPhoneSimulator.ActiveCfg = Debug|Any CPU
		{FCF3B927-B2B5-4770-AD85-E78B65E4622D}.Debug|iPhoneSimulator.Build.0 = Debug|Any CPU
		{FCF3B927-B2B5-4770-AD85-E78B65E4622D}.Debug|iPhoneSimulator.Deploy.0 = Debug|Any CPU
		{FCF3B927-B2B5-4770-AD85-E78B65E4622D}.Release|Any CPU.ActiveCfg = Release|Any CPU
		{FCF3B927-B2B5-4770-AD85-E78B65E4622D}.Release|Any CPU.Build.0 = Release|Any CPU
		{FCF3B927-B2B5-4770-AD85-E78B65E4622D}.Release|Any CPU.Deploy.0 = Release|Any CPU
		{FCF3B927-B2B5-4770-AD85-E78B65E4622D}.Release|iPhone.ActiveCfg = Release|Any CPU
		{FCF3B927-B2B5-4770-AD85-E78B65E4622D}.Release|iPhone.Build.0 = Release|Any CPU
		{FCF3B927-B2B5-4770-AD85-E78B65E4622D}.Release|iPhone.Deploy.0 = Release|Any CPU
		{FCF3B927-B2B5-4770-AD85-E78B65E4622D}.Release|iPhoneSimulator.ActiveCfg = Release|Any CPU
		{FCF3B927-B2B5-4770-AD85-E78B65E4622D}.Release|iPhoneSimulator.Build.0 = Release|Any CPU
		{FCF3B927-B2B5-4770-AD85-E78B65E4622D}.Release|iPhoneSimulator.Deploy.0 = Release|Any CPU
		{4918016B-376A-4921-8C5D-D3BA13F1B749}.Debug|Any CPU.ActiveCfg = Debug|iPhone
		{4918016B-376A-4921-8C5D-D3BA13F1B749}.Debug|Any CPU.Build.0 = Debug|iPhone
		{4918016B-376A-4921-8C5D-D3BA13F1B749}.Debug|Any CPU.Deploy.0 = Debug|iPhone
		{4918016B-376A-4921-8C5D-D3BA13F1B749}.Debug|iPhone.ActiveCfg = Debug|iPhone
		{4918016B-376A-4921-8C5D-D3BA13F1B749}.Debug|iPhone.Build.0 = Debug|iPhone
		{4918016B-376A-4921-8C5D-D3BA13F1B749}.Debug|iPhone.Deploy.0 = Debug|iPhone
		{4918016B-376A-4921-8C5D-D3BA13F1B749}.Debug|iPhoneSimulator.ActiveCfg = Debug|iPhoneSimulator
		{4918016B-376A-4921-8C5D-D3BA13F1B749}.Debug|iPhoneSimulator.Build.0 = Debug|iPhoneSimulator
		{4918016B-376A-4921-8C5D-D3BA13F1B749}.Debug|iPhoneSimulator.Deploy.0 = Debug|iPhoneSimulator
		{4918016B-376A-4921-8C5D-D3BA13F1B749}.Release|Any CPU.ActiveCfg = Release|iPhoneSimulator
		{4918016B-376A-4921-8C5D-D3BA13F1B749}.Release|Any CPU.Build.0 = Release|iPhoneSimulator
		{4918016B-376A-4921-8C5D-D3BA13F1B749}.Release|Any CPU.Deploy.0 = Release|iPhoneSimulator
		{4918016B-376A-4921-8C5D-D3BA13F1B749}.Release|iPhone.ActiveCfg = Release|iPhone
		{4918016B-376A-4921-8C5D-D3BA13F1B749}.Release|iPhone.Build.0 = Release|iPhone
		{4918016B-376A-4921-8C5D-D3BA13F1B749}.Release|iPhone.Deploy.0 = Release|iPhone
		{4918016B-376A-4921-8C5D-D3BA13F1B749}.Release|iPhoneSimulator.ActiveCfg = Release|iPhoneSimulator
		{4918016B-376A-4921-8C5D-D3BA13F1B749}.Release|iPhoneSimulator.Build.0 = Release|iPhoneSimulator
		{4918016B-376A-4921-8C5D-D3BA13F1B749}.Release|iPhoneSimulator.Deploy.0 = Release|iPhoneSimulator
		{AE5F295F-9B27-4C73-8752-40B7567BA0B5}.Debug|Any CPU.ActiveCfg = Debug|Any CPU
		{AE5F295F-9B27-4C73-8752-40B7567BA0B5}.Debug|Any CPU.Build.0 = Debug|Any CPU
		{AE5F295F-9B27-4C73-8752-40B7567BA0B5}.Debug|Any CPU.Deploy.0 = Debug|Any CPU
		{AE5F295F-9B27-4C73-8752-40B7567BA0B5}.Debug|iPhone.ActiveCfg = Debug|Any CPU
		{AE5F295F-9B27-4C73-8752-40B7567BA0B5}.Debug|iPhone.Build.0 = Debug|Any CPU
		{AE5F295F-9B27-4C73-8752-40B7567BA0B5}.Debug|iPhone.Deploy.0 = Debug|Any CPU
		{AE5F295F-9B27-4C73-8752-40B7567BA0B5}.Debug|iPhoneSimulator.ActiveCfg = Debug|Any CPU
		{AE5F295F-9B27-4C73-8752-40B7567BA0B5}.Debug|iPhoneSimulator.Build.0 = Debug|Any CPU
		{AE5F295F-9B27-4C73-8752-40B7567BA0B5}.Debug|iPhoneSimulator.Deploy.0 = Debug|Any CPU
		{AE5F295F-9B27-4C73-8752-40B7567BA0B5}.Release|Any CPU.ActiveCfg = Release|Any CPU
		{AE5F295F-9B27-4C73-8752-40B7567BA0B5}.Release|Any CPU.Build.0 = Release|Any CPU
		{AE5F295F-9B27-4C73-8752-40B7567BA0B5}.Release|Any CPU.Deploy.0 = Release|Any CPU
		{AE5F295F-9B27-4C73-8752-40B7567BA0B5}.Release|iPhone.ActiveCfg = Release|Any CPU
		{AE5F295F-9B27-4C73-8752-40B7567BA0B5}.Release|iPhone.Build.0 = Release|Any CPU
		{AE5F295F-9B27-4C73-8752-40B7567BA0B5}.Release|iPhone.Deploy.0 = Release|Any CPU
		{AE5F295F-9B27-4C73-8752-40B7567BA0B5}.Release|iPhoneSimulator.ActiveCfg = Release|Any CPU
		{AE5F295F-9B27-4C73-8752-40B7567BA0B5}.Release|iPhoneSimulator.Build.0 = Release|Any CPU
		{AE5F295F-9B27-4C73-8752-40B7567BA0B5}.Release|iPhoneSimulator.Deploy.0 = Release|Any CPU
	EndGlobalSection
	GlobalSection(SolutionProperties) = preSolution
		HideSolutionNode = FALSE
	EndGlobalSection
	GlobalSection(ExtensibilityGlobals) = postSolution
		SolutionGuid = {1D606CF4-1AFE-482A-B197-6405F7FD705D}
	EndGlobalSection
EndGlobal
